{
  "version": 4,
  "terraform_version": "1.7.2",
  "serial": 19,
  "lineage": "f171c6e8-994d-a839-5871-5491b43c785e",
  "outputs": {},
  "resources": [
    {
      "mode": "managed",
      "type": "shell_script",
      "name": "docker",
      "provider": "provider[\"registry.terraform.io/ninlives/shell\"]",
      "instances": [
        {
          "schema_version": 0,
          "attributes": {
            "dirty": false,
            "environment": {
              "_VERSION": "v2"
            },
            "id": "ctepeqgj55npjklp29q0",
            "interpreter": null,
            "lifecycle_commands": [
              {
                "create": "/Users/billy/p/multi-cloud/bin/script/create.sh",
                "delete": "/Users/billy/p/multi-cloud/bin/script/delete.sh",
                "read": "",
                "update": ""
              }
            ],
            "output": {
              "dockerContainerId": "cb13183bbae3b45c847816183529ffab19c36cf96110fb5970e5ccd3c8756670"
            },
            "read_error": null,
            "sensitive_environment": null,
            "triggers": null,
            "working_directory": "."
          },
          "sensitive_attributes": [],
          "private": "bnVsbA=="
        }
      ]
    }
  ],
  "check_results": null
}
