{
  "version": 4,
  "terraform_version": "1.7.2",
  "serial": 519,
  "lineage": "9557ad7a-8970-a94d-7e40-e57d75fef8f1",
  "outputs": {},
  "resources": [
    {
      "mode": "managed",
      "type": "google_artifact_registry_repository",
      "name": "repository-app",
      "provider": "provider[\"registry.terraform.io/hashicorp/google\"]",
      "instances": [
        {
          "schema_version": 0,
          "attributes": {
            "cleanup_policies": [],
            "cleanup_policy_dry_run": false,
            "create_time": "2025-02-22T18:18:42.298748Z",
            "description": "",
            "docker_config": [],
            "effective_labels": {
              "goog-terraform-provisioned": "true"
            },
            "format": "DOCKER",
            "id": "projects/ultimate-life-396919/locations/europe-central2/repositories/app",
            "kms_key_name": "",
            "labels": {},
            "location": "europe-central2",
            "maven_config": [],
            "mode": "STANDARD_REPOSITORY",
            "name": "app",
            "project": "ultimate-life-396919",
            "remote_repository_config": [],
            "repository_id": "app",
            "terraform_labels": {
              "goog-terraform-provisioned": "true"
            },
            "timeouts": null,
            "update_time": "2025-02-22T18:44:01.587489Z",
            "virtual_repository_config": []
          },
          "sensitive_attributes": [],
          "private": "eyJlMmJmYjczMC1lY2FhLTExZTYtOGY4OC0zNDM2M2JjN2M0YzAiOnsiY3JlYXRlIjoxMjAwMDAwMDAwMDAwLCJkZWxldGUiOjEyMDAwMDAwMDAwMDAsInVwZGF0ZSI6MTIwMDAwMDAwMDAwMH19"
        }
      ]
    },
    {
      "mode": "managed",
      "type": "google_cloud_run_service_iam_binding",
      "name": "all-member-server",
      "provider": "provider[\"registry.terraform.io/hashicorp/google\"]",
      "instances": [
        {
          "schema_version": 0,
          "attributes": {
            "condition": [],
            "etag": "BwYuv1QuGGQ=",
            "id": "v1/projects/ultimate-life-396919/locations/europe-west1/services/app-backend-server/roles/run.invoker",
            "location": "europe-west1",
            "members": [
              "allUsers"
            ],
            "project": "ultimate-life-396919",
            "role": "roles/run.invoker",
            "service": "v1/projects/ultimate-life-396919/locations/europe-west1/services/app-backend-server"
          },
          "sensitive_attributes": [],
          "private": "bnVsbA==",
          "dependencies": [
            "google_artifact_registry_repository.repository-app",
            "google_cloud_run_v2_service.svc-backend-server",
            "google_pubsub_topic.email",
            "google_pubsub_topic.render",
            "google_secret_manager_secret.smtp-host-secret",
            "google_secret_manager_secret.smtp-pass-secret",
            "google_secret_manager_secret.smtp-port-secret",
            "google_secret_manager_secret.smtp-user-secret",
            "google_sql_database_instance.db-instance",
            "google_sql_user.db-user",
            "shell_script.build_backend"
          ]
        }
      ]
    },
    {
      "mode": "managed",
      "type": "google_cloud_run_service_iam_binding",
      "name": "all-member-undefined",
      "provider": "provider[\"registry.terraform.io/hashicorp/google\"]",
      "instances": [
        {
          "schema_version": 0,
          "attributes": {
            "condition": [],
            "etag": "BwYuwP8rDkA=",
            "id": "v1/projects/ultimate-life-396919/locations/europe-west1/services/app-frontend/roles/run.invoker",
            "location": "europe-west1",
            "members": [
              "allUsers"
            ],
            "project": "ultimate-life-396919",
            "role": "roles/run.invoker",
            "service": "v1/projects/ultimate-life-396919/locations/europe-west1/services/app-frontend"
          },
          "sensitive_attributes": [],
          "private": "bnVsbA==",
          "dependencies": [
            "google_artifact_registry_repository.repository-app",
            "google_cloud_run_v2_service.svc-backend-server",
            "google_cloud_run_v2_service.svc-frontend",
            "google_pubsub_topic.email",
            "google_pubsub_topic.render",
            "google_secret_manager_secret.smtp-host-secret",
            "google_secret_manager_secret.smtp-pass-secret",
            "google_secret_manager_secret.smtp-port-secret",
            "google_secret_manager_secret.smtp-user-secret",
            "google_sql_database_instance.db-instance",
            "google_sql_user.db-user",
            "shell_script.build_backend",
            "shell_script.build_frontend"
          ]
        }
      ]
    },
    {
      "mode": "managed",
      "type": "google_cloud_run_service_iam_binding",
      "name": "pubsub-service-svc-backend-consume-mail-binding",
      "provider": "provider[\"registry.terraform.io/hashicorp/google\"]",
      "instances": [
        {
          "schema_version": 0,
          "attributes": {
            "condition": [],
            "etag": "BwYu2SGOQnE=",
            "id": "v1/projects/ultimate-life-396919/locations/europe-west1/services/app-backend-consume-mail/roles/run.invoker",
            "location": "europe-west1",
            "members": [
              "serviceAccount:cloud-run-pubsub-invoker@ultimate-life-396919.iam.gserviceaccount.com"
            ],
            "project": "ultimate-life-396919",
            "role": "roles/run.invoker",
            "service": "v1/projects/ultimate-life-396919/locations/europe-west1/services/app-backend-consume-mail"
          },
          "sensitive_attributes": [],
          "private": "bnVsbA==",
          "dependencies": [
            "google_artifact_registry_repository.repository-app",
            "google_cloud_run_v2_service.svc-backend-consume-mail",
            "google_pubsub_topic.email",
            "google_pubsub_topic.render",
            "google_secret_manager_secret.smtp-host-secret",
            "google_secret_manager_secret.smtp-pass-secret",
            "google_secret_manager_secret.smtp-port-secret",
            "google_secret_manager_secret.smtp-user-secret",
            "google_service_account.pubsub-service-account",
            "google_sql_database_instance.db-instance",
            "google_sql_user.db-user",
            "google_storage_bucket.attachments",
            "shell_script.build_backend"
          ]
        }
      ]
    },
    {
      "mode": "managed",
      "type": "google_cloud_run_service_iam_binding",
      "name": "pubsub-service-svc-backend-consume-render-binding",
      "provider": "provider[\"registry.terraform.io/hashicorp/google\"]",
      "instances": [
        {
          "schema_version": 0,
          "attributes": {
            "condition": [],
            "etag": "BwYu2SIj8wo=",
            "id": "v1/projects/ultimate-life-396919/locations/europe-west1/services/app-backend-consume-render/roles/run.invoker",
            "location": "europe-west1",
            "members": [
              "serviceAccount:cloud-run-pubsub-invoker@ultimate-life-396919.iam.gserviceaccount.com"
            ],
            "project": "ultimate-life-396919",
            "role": "roles/run.invoker",
            "service": "v1/projects/ultimate-life-396919/locations/europe-west1/services/app-backend-consume-render"
          },
          "sensitive_attributes": [],
          "private": "bnVsbA==",
          "dependencies": [
            "google_artifact_registry_repository.repository-app",
            "google_cloud_run_v2_service.svc-backend-consume-render",
            "google_pubsub_topic.email",
            "google_pubsub_topic.render",
            "google_secret_manager_secret.smtp-host-secret",
            "google_secret_manager_secret.smtp-pass-secret",
            "google_secret_manager_secret.smtp-port-secret",
            "google_secret_manager_secret.smtp-user-secret",
            "google_service_account.pubsub-service-account",
            "google_sql_database_instance.db-instance",
            "google_sql_user.db-user",
            "google_storage_bucket.attachments",
            "shell_script.build_backend"
          ]
        }
      ]
    },
    {
      "mode": "managed",
      "type": "google_cloud_run_v2_service",
      "name": "svc-backend-consume-mail",
      "provider": "provider[\"registry.terraform.io/hashicorp/google\"]",
      "instances": [
        {
          "schema_version": 0,
          "attributes": {
            "annotations": null,
            "binary_authorization": [],
            "client": "",
            "client_version": "",
            "conditions": [
              {
                "execution_reason": "",
                "last_transition_time": "2025-03-09T20:36:33.976467Z",
                "message": "",
                "reason": "",
                "revision_reason": "",
                "severity": "",
                "state": "CONDITION_SUCCEEDED",
                "type": "RoutesReady"
              },
              {
                "execution_reason": "",
                "last_transition_time": "2025-03-09T20:36:31.636942Z",
                "message": "",
                "reason": "",
                "revision_reason": "",
                "severity": "",
                "state": "CONDITION_SUCCEEDED",
                "type": "ConfigurationsReady"
              }
            ],
            "create_time": "2025-02-24T01:19:14.809478Z",
            "creator": "laskowski.box@gmail.com",
            "custom_audiences": null,
            "delete_time": "",
            "deletion_protection": false,
            "description": "",
            "effective_annotations": {},
            "effective_labels": {
              "goog-terraform-provisioned": "true"
            },
            "etag": "\"CLb3t74GEJDUgKAD/cHJvamVjdHMvdWx0aW1hdGUtbGlmZS0zOTY5MTkvbG9jYXRpb25zL2V1cm9wZS13ZXN0MS9zZXJ2aWNlcy9hcHAtYmFja2VuZC1jb25zdW1lLW1haWw\"",
            "expire_time": "",
            "generation": "26",
            "id": "projects/ultimate-life-396919/locations/europe-west1/services/app-backend-consume-mail",
            "ingress": "INGRESS_TRAFFIC_ALL",
            "invoker_iam_disabled": false,
            "labels": null,
            "last_modifier": "laskowski.box@gmail.com",
            "latest_created_revision": "projects/ultimate-life-396919/locations/europe-west1/services/app-backend-consume-mail/revisions/app-backend-consume-mail-00026-4tc",
            "latest_ready_revision": "projects/ultimate-life-396919/locations/europe-west1/services/app-backend-consume-mail/revisions/app-backend-consume-mail-00026-4tc",
            "launch_stage": "GA",
            "location": "europe-west1",
            "name": "app-backend-consume-mail",
            "observed_generation": "26",
            "project": "ultimate-life-396919",
            "reconciling": false,
            "scaling": [],
            "template": [
              {
                "annotations": {},
                "containers": [
                  {
                    "args": [],
                    "command": [
                      "bash",
                      "/app/entry",
                      "consume",
                      "mail"
                    ],
                    "depends_on": [],
                    "env": [
                      {
                        "name": "DB_HOST",
                        "value": "35.195.184.33",
                        "value_source": []
                      },
                      {
                        "name": "DB_NAME",
                        "value": "prod",
                        "value_source": []
                      },
                      {
                        "name": "DB_PASS",
                        "value": "Tzh-RTPe-C9fkLmAHwxhb3hyU!e@u4",
                        "value_source": []
                      },
                      {
                        "name": "DB_USER",
                        "value": "app",
                        "value_source": []
                      },
                      {
                        "name": "QUEUE_BACKEND",
                        "value": "pubsub",
                        "value_source": []
                      },
                      {
                        "name": "QUEUE_MAIL_ID",
                        "value": "dev-email-topic",
                        "value_source": []
                      },
                      {
                        "name": "QUEUE_RENDER_ID",
                        "value": "dev-render-topic",
                        "value_source": []
                      },
                      {
                        "name": "SMTP_HOST",
                        "value": "",
                        "value_source": [
                          {
                            "secret_key_ref": [
                              {
                                "secret": "projects/ultimate-life-396919/secrets/smtp-host",
                                "version": "latest"
                              }
                            ]
                          }
                        ]
                      },
                      {
                        "name": "SMTP_PASS",
                        "value": "",
                        "value_source": [
                          {
                            "secret_key_ref": [
                              {
                                "secret": "projects/ultimate-life-396919/secrets/smtp-pass",
                                "version": "latest"
                              }
                            ]
                          }
                        ]
                      },
                      {
                        "name": "SMTP_PORT",
                        "value": "",
                        "value_source": [
                          {
                            "secret_key_ref": [
                              {
                                "secret": "projects/ultimate-life-396919/secrets/smtp-port",
                                "version": "latest"
                              }
                            ]
                          }
                        ]
                      },
                      {
                        "name": "SMTP_USER",
                        "value": "",
                        "value_source": [
                          {
                            "secret_key_ref": [
                              {
                                "secret": "projects/ultimate-life-396919/secrets/smtp-user",
                                "version": "latest"
                              }
                            ]
                          }
                        ]
                      },
                      {
                        "name": "VER",
                        "value": "v23",
                        "value_source": []
                      }
                    ],
                    "image": "europe-central2-docker.pkg.dev/ultimate-life-396919/app/backend:25-03-09_21-35",
                    "liveness_probe": [],
                    "name": "",
                    "ports": [
                      {
                        "container_port": 8080,
                        "name": "http1"
                      }
                    ],
                    "resources": [
                      {
                        "cpu_idle": false,
                        "limits": {
                          "cpu": "1000m",
                          "memory": "1Gi"
                        },
                        "startup_cpu_boost": false
                      }
                    ],
                    "startup_probe": [
                      {
                        "failure_threshold": 1,
                        "grpc": [],
                        "http_get": [],
                        "initial_delay_seconds": 0,
                        "period_seconds": 240,
                        "tcp_socket": [
                          {
                            "port": 8080
                          }
                        ],
                        "timeout_seconds": 240
                      }
                    ],
                    "volume_mounts": [
                      {
                        "mount_path": "/var/attachments",
                        "name": "attachments"
                      },
                      {
                        "mount_path": "/cloudsql",
                        "name": "cloudsql"
                      }
                    ],
                    "working_dir": ""
                  }
                ],
                "encryption_key": "",
                "execution_environment": "",
                "labels": {},
                "max_instance_request_concurrency": 80,
                "revision": "",
                "scaling": [
                  {
                    "max_instance_count": 1,
                    "min_instance_count": 0
                  }
                ],
                "service_account": "1087863064045-compute@developer.gserviceaccount.com",
                "session_affinity": false,
                "timeout": "300s",
                "volumes": [
                  {
                    "cloud_sql_instance": [],
                    "empty_dir": [],
                    "gcs": [
                      {
                        "bucket": "multi-cloud-attachments-n2lj3",
                        "read_only": false
                      }
                    ],
                    "name": "attachments",
                    "nfs": [],
                    "secret": []
                  },
                  {
                    "cloud_sql_instance": [
                      {
                        "instances": [
                          "ultimate-life-396919:europe-west1:main"
                        ]
                      }
                    ],
                    "empty_dir": [],
                    "gcs": [],
                    "name": "cloudsql",
                    "nfs": [],
                    "secret": []
                  }
                ],
                "vpc_access": []
              }
            ],
            "terminal_condition": [
              {
                "execution_reason": "",
                "last_transition_time": "2025-03-09T20:36:34.003813Z",
                "message": "",
                "reason": "",
                "revision_reason": "",
                "severity": "",
                "state": "CONDITION_SUCCEEDED",
                "type": "Ready"
              }
            ],
            "terraform_labels": {
              "goog-terraform-provisioned": "true"
            },
            "timeouts": null,
            "traffic": [
              {
                "percent": 100,
                "revision": "",
                "tag": "",
                "type": "TRAFFIC_TARGET_ALLOCATION_TYPE_LATEST"
              }
            ],
            "traffic_statuses": [
              {
                "percent": 100,
                "revision": "",
                "tag": "",
                "type": "TRAFFIC_TARGET_ALLOCATION_TYPE_LATEST",
                "uri": ""
              }
            ],
            "uid": "30dd0434-46a2-4144-a71e-35f182afb329",
            "update_time": "2025-03-09T20:36:06.872426Z",
            "uri": "https://app-backend-consume-mail-ghmop2a6ea-ew.a.run.app",
            "urls": [
              "https://app-backend-consume-mail-1087863064045.europe-west1.run.app",
              "https://app-backend-consume-mail-ghmop2a6ea-ew.a.run.app"
            ]
          },
          "sensitive_attributes": [
            [
              {
                "type": "get_attr",
                "value": "template"
              },
              {
                "type": "index",
                "value": {
                  "value": 0,
                  "type": "number"
                }
              },
              {
                "type": "get_attr",
                "value": "containers"
              },
              {
                "type": "index",
                "value": {
                  "value": 0,
                  "type": "number"
                }
              },
              {
                "type": "get_attr",
                "value": "env"
              }
            ]
          ],
          "private": "eyJlMmJmYjczMC1lY2FhLTExZTYtOGY4OC0zNDM2M2JjN2M0YzAiOnsiY3JlYXRlIjoxMjAwMDAwMDAwMDAwLCJkZWxldGUiOjEyMDAwMDAwMDAwMDAsInVwZGF0ZSI6MTIwMDAwMDAwMDAwMH19",
          "dependencies": [
            "google_artifact_registry_repository.repository-app",
            "google_pubsub_topic.email",
            "google_pubsub_topic.render",
            "google_secret_manager_secret.smtp-host-secret",
            "google_secret_manager_secret.smtp-pass-secret",
            "google_secret_manager_secret.smtp-port-secret",
            "google_secret_manager_secret.smtp-user-secret",
            "google_sql_database_instance.db-instance",
            "google_sql_user.db-user",
            "google_storage_bucket.attachments",
            "shell_script.build_backend"
          ]
        }
      ]
    },
    {
      "mode": "managed",
      "type": "google_cloud_run_v2_service",
      "name": "svc-backend-consume-render",
      "provider": "provider[\"registry.terraform.io/hashicorp/google\"]",
      "instances": [
        {
          "schema_version": 0,
          "attributes": {
            "annotations": null,
            "binary_authorization": [],
            "client": "",
            "client_version": "",
            "conditions": [
              {
                "execution_reason": "",
                "last_transition_time": "2025-03-09T20:36:32.706954Z",
                "message": "",
                "reason": "",
                "revision_reason": "",
                "severity": "",
                "state": "CONDITION_SUCCEEDED",
                "type": "RoutesReady"
              },
              {
                "execution_reason": "",
                "last_transition_time": "2025-03-09T20:36:31.486794Z",
                "message": "",
                "reason": "",
                "revision_reason": "",
                "severity": "",
                "state": "CONDITION_SUCCEEDED",
                "type": "ConfigurationsReady"
              }
            ],
            "create_time": "2025-02-24T01:19:14.764207Z",
            "creator": "laskowski.box@gmail.com",
            "custom_audiences": null,
            "delete_time": "",
            "deletion_protection": false,
            "description": "",
            "effective_annotations": {},
            "effective_labels": {
              "goog-terraform-provisioned": "true"
            },
            "etag": "\"CLb3t74GELjMlssD/cHJvamVjdHMvdWx0aW1hdGUtbGlmZS0zOTY5MTkvbG9jYXRpb25zL2V1cm9wZS13ZXN0MS9zZXJ2aWNlcy9hcHAtYmFja2VuZC1jb25zdW1lLXJlbmRlcg\"",
            "expire_time": "",
            "generation": "25",
            "id": "projects/ultimate-life-396919/locations/europe-west1/services/app-backend-consume-render",
            "ingress": "INGRESS_TRAFFIC_ALL",
            "invoker_iam_disabled": false,
            "labels": null,
            "last_modifier": "laskowski.box@gmail.com",
            "latest_created_revision": "projects/ultimate-life-396919/locations/europe-west1/services/app-backend-consume-render/revisions/app-backend-consume-render-00025-mz4",
            "latest_ready_revision": "projects/ultimate-life-396919/locations/europe-west1/services/app-backend-consume-render/revisions/app-backend-consume-render-00025-mz4",
            "launch_stage": "GA",
            "location": "europe-west1",
            "name": "app-backend-consume-render",
            "observed_generation": "25",
            "project": "ultimate-life-396919",
            "reconciling": false,
            "scaling": [],
            "template": [
              {
                "annotations": {},
                "containers": [
                  {
                    "args": [],
                    "command": [
                      "bash",
                      "/app/entry",
                      "consume",
                      "render"
                    ],
                    "depends_on": [],
                    "env": [
                      {
                        "name": "DB_HOST",
                        "value": "35.195.184.33",
                        "value_source": []
                      },
                      {
                        "name": "DB_NAME",
                        "value": "prod",
                        "value_source": []
                      },
                      {
                        "name": "DB_PASS",
                        "value": "Tzh-RTPe-C9fkLmAHwxhb3hyU!e@u4",
                        "value_source": []
                      },
                      {
                        "name": "DB_USER",
                        "value": "app",
                        "value_source": []
                      },
                      {
                        "name": "QUEUE_BACKEND",
                        "value": "pubsub",
                        "value_source": []
                      },
                      {
                        "name": "QUEUE_MAIL_ID",
                        "value": "dev-email-topic",
                        "value_source": []
                      },
                      {
                        "name": "QUEUE_RENDER_ID",
                        "value": "dev-render-topic",
                        "value_source": []
                      },
                      {
                        "name": "SMTP_HOST",
                        "value": "",
                        "value_source": [
                          {
                            "secret_key_ref": [
                              {
                                "secret": "projects/ultimate-life-396919/secrets/smtp-host",
                                "version": "latest"
                              }
                            ]
                          }
                        ]
                      },
                      {
                        "name": "SMTP_PASS",
                        "value": "",
                        "value_source": [
                          {
                            "secret_key_ref": [
                              {
                                "secret": "projects/ultimate-life-396919/secrets/smtp-pass",
                                "version": "latest"
                              }
                            ]
                          }
                        ]
                      },
                      {
                        "name": "SMTP_PORT",
                        "value": "",
                        "value_source": [
                          {
                            "secret_key_ref": [
                              {
                                "secret": "projects/ultimate-life-396919/secrets/smtp-port",
                                "version": "latest"
                              }
                            ]
                          }
                        ]
                      },
                      {
                        "name": "SMTP_USER",
                        "value": "",
                        "value_source": [
                          {
                            "secret_key_ref": [
                              {
                                "secret": "projects/ultimate-life-396919/secrets/smtp-user",
                                "version": "latest"
                              }
                            ]
                          }
                        ]
                      },
                      {
                        "name": "VER",
                        "value": "v23",
                        "value_source": []
                      }
                    ],
                    "image": "europe-central2-docker.pkg.dev/ultimate-life-396919/app/backend:25-03-09_21-35",
                    "liveness_probe": [],
                    "name": "",
                    "ports": [
                      {
                        "container_port": 8080,
                        "name": "http1"
                      }
                    ],
                    "resources": [
                      {
                        "cpu_idle": false,
                        "limits": {
                          "cpu": "1000m",
                          "memory": "4Gi"
                        },
                        "startup_cpu_boost": false
                      }
                    ],
                    "startup_probe": [
                      {
                        "failure_threshold": 1,
                        "grpc": [],
                        "http_get": [],
                        "initial_delay_seconds": 0,
                        "period_seconds": 240,
                        "tcp_socket": [
                          {
                            "port": 8080
                          }
                        ],
                        "timeout_seconds": 240
                      }
                    ],
                    "volume_mounts": [
                      {
                        "mount_path": "/var/attachments",
                        "name": "attachments"
                      },
                      {
                        "mount_path": "/cloudsql",
                        "name": "cloudsql"
                      }
                    ],
                    "working_dir": ""
                  }
                ],
                "encryption_key": "",
                "execution_environment": "",
                "labels": {},
                "max_instance_request_concurrency": 160,
                "revision": "",
                "scaling": [
                  {
                    "max_instance_count": 1,
                    "min_instance_count": 0
                  }
                ],
                "service_account": "1087863064045-compute@developer.gserviceaccount.com",
                "session_affinity": false,
                "timeout": "300s",
                "volumes": [
                  {
                    "cloud_sql_instance": [],
                    "empty_dir": [],
                    "gcs": [
                      {
                        "bucket": "multi-cloud-attachments-n2lj3",
                        "read_only": false
                      }
                    ],
                    "name": "attachments",
                    "nfs": [],
                    "secret": []
                  },
                  {
                    "cloud_sql_instance": [
                      {
                        "instances": [
                          "ultimate-life-396919:europe-west1:main"
                        ]
                      }
                    ],
                    "empty_dir": [],
                    "gcs": [],
                    "name": "cloudsql",
                    "nfs": [],
                    "secret": []
                  }
                ],
                "vpc_access": []
              }
            ],
            "terminal_condition": [
              {
                "execution_reason": "",
                "last_transition_time": "2025-03-09T20:36:32.736895Z",
                "message": "",
                "reason": "",
                "revision_reason": "",
                "severity": "",
                "state": "CONDITION_SUCCEEDED",
                "type": "Ready"
              }
            ],
            "terraform_labels": {
              "goog-terraform-provisioned": "true"
            },
            "timeouts": null,
            "traffic": [
              {
                "percent": 100,
                "revision": "",
                "tag": "",
                "type": "TRAFFIC_TARGET_ALLOCATION_TYPE_LATEST"
              }
            ],
            "traffic_statuses": [
              {
                "percent": 100,
                "revision": "",
                "tag": "",
                "type": "TRAFFIC_TARGET_ALLOCATION_TYPE_LATEST",
                "uri": ""
              }
            ],
            "uid": "01b0369f-e77f-40e1-9e49-8ce6c182b4c5",
            "update_time": "2025-03-09T20:36:06.962963Z",
            "uri": "https://app-backend-consume-render-ghmop2a6ea-ew.a.run.app",
            "urls": [
              "https://app-backend-consume-render-1087863064045.europe-west1.run.app",
              "https://app-backend-consume-render-ghmop2a6ea-ew.a.run.app"
            ]
          },
          "sensitive_attributes": [
            [
              {
                "type": "get_attr",
                "value": "template"
              },
              {
                "type": "index",
                "value": {
                  "value": 0,
                  "type": "number"
                }
              },
              {
                "type": "get_attr",
                "value": "containers"
              },
              {
                "type": "index",
                "value": {
                  "value": 0,
                  "type": "number"
                }
              },
              {
                "type": "get_attr",
                "value": "env"
              }
            ]
          ],
          "private": "eyJlMmJmYjczMC1lY2FhLTExZTYtOGY4OC0zNDM2M2JjN2M0YzAiOnsiY3JlYXRlIjoxMjAwMDAwMDAwMDAwLCJkZWxldGUiOjEyMDAwMDAwMDAwMDAsInVwZGF0ZSI6MTIwMDAwMDAwMDAwMH19",
          "dependencies": [
            "google_artifact_registry_repository.repository-app",
            "google_pubsub_topic.email",
            "google_pubsub_topic.render",
            "google_secret_manager_secret.smtp-host-secret",
            "google_secret_manager_secret.smtp-pass-secret",
            "google_secret_manager_secret.smtp-port-secret",
            "google_secret_manager_secret.smtp-user-secret",
            "google_sql_database_instance.db-instance",
            "google_sql_user.db-user",
            "google_storage_bucket.attachments",
            "shell_script.build_backend"
          ]
        }
      ]
    },
    {
      "mode": "managed",
      "type": "google_cloud_run_v2_service",
      "name": "svc-backend-server",
      "provider": "provider[\"registry.terraform.io/hashicorp/google\"]",
      "instances": [
        {
          "schema_version": 0,
          "attributes": {
            "annotations": {},
            "binary_authorization": [],
            "client": "",
            "client_version": "",
            "conditions": [
              {
                "execution_reason": "",
                "last_transition_time": "2025-03-09T20:36:33.488006Z",
                "message": "",
                "reason": "",
                "revision_reason": "",
                "severity": "",
                "state": "CONDITION_SUCCEEDED",
                "type": "RoutesReady"
              },
              {
                "execution_reason": "",
                "last_transition_time": "2025-03-09T20:36:32.271862Z",
                "message": "",
                "reason": "",
                "revision_reason": "",
                "severity": "",
                "state": "CONDITION_SUCCEEDED",
                "type": "ConfigurationsReady"
              }
            ],
            "create_time": "2025-02-22T18:32:14.858837Z",
            "creator": "laskowski.box@gmail.com",
            "custom_audiences": [],
            "delete_time": "",
            "deletion_protection": false,
            "description": "",
            "effective_annotations": {},
            "effective_labels": {
              "goog-terraform-provisioned": "true"
            },
            "etag": "\"CLb3t74GEJie99YD/cHJvamVjdHMvdWx0aW1hdGUtbGlmZS0zOTY5MTkvbG9jYXRpb25zL2V1cm9wZS13ZXN0MS9zZXJ2aWNlcy9hcHAtYmFja2VuZC1zZXJ2ZXI\"",
            "expire_time": "",
            "generation": "44",
            "id": "projects/ultimate-life-396919/locations/europe-west1/services/app-backend-server",
            "ingress": "INGRESS_TRAFFIC_ALL",
            "invoker_iam_disabled": false,
            "labels": {},
            "last_modifier": "laskowski.box@gmail.com",
            "latest_created_revision": "projects/ultimate-life-396919/locations/europe-west1/services/app-backend-server/revisions/app-backend-server-00043-hms",
            "latest_ready_revision": "projects/ultimate-life-396919/locations/europe-west1/services/app-backend-server/revisions/app-backend-server-00043-hms",
            "launch_stage": "GA",
            "location": "europe-west1",
            "name": "app-backend-server",
            "observed_generation": "44",
            "project": "ultimate-life-396919",
            "reconciling": false,
            "scaling": [],
            "template": [
              {
                "annotations": {},
                "containers": [
                  {
                    "args": [],
                    "command": [
                      "bash",
                      "/app/entry",
                      "server"
                    ],
                    "depends_on": [],
                    "env": [
                      {
                        "name": "DB_HOST",
                        "value": "35.195.184.33",
                        "value_source": []
                      },
                      {
                        "name": "DB_NAME",
                        "value": "prod",
                        "value_source": []
                      },
                      {
                        "name": "DB_PASS",
                        "value": "Tzh-RTPe-C9fkLmAHwxhb3hyU!e@u4",
                        "value_source": []
                      },
                      {
                        "name": "DB_USER",
                        "value": "app",
                        "value_source": []
                      },
                      {
                        "name": "QUEUE_BACKEND",
                        "value": "pubsub",
                        "value_source": []
                      },
                      {
                        "name": "QUEUE_MAIL_ID",
                        "value": "dev-email-topic",
                        "value_source": []
                      },
                      {
                        "name": "QUEUE_RENDER_ID",
                        "value": "dev-render-topic",
                        "value_source": []
                      },
                      {
                        "name": "SMTP_HOST",
                        "value": "",
                        "value_source": [
                          {
                            "secret_key_ref": [
                              {
                                "secret": "projects/ultimate-life-396919/secrets/smtp-host",
                                "version": "latest"
                              }
                            ]
                          }
                        ]
                      },
                      {
                        "name": "SMTP_PASS",
                        "value": "",
                        "value_source": [
                          {
                            "secret_key_ref": [
                              {
                                "secret": "projects/ultimate-life-396919/secrets/smtp-pass",
                                "version": "latest"
                              }
                            ]
                          }
                        ]
                      },
                      {
                        "name": "SMTP_PORT",
                        "value": "",
                        "value_source": [
                          {
                            "secret_key_ref": [
                              {
                                "secret": "projects/ultimate-life-396919/secrets/smtp-port",
                                "version": "latest"
                              }
                            ]
                          }
                        ]
                      },
                      {
                        "name": "SMTP_USER",
                        "value": "",
                        "value_source": [
                          {
                            "secret_key_ref": [
                              {
                                "secret": "projects/ultimate-life-396919/secrets/smtp-user",
                                "version": "latest"
                              }
                            ]
                          }
                        ]
                      },
                      {
                        "name": "VER",
                        "value": "v23",
                        "value_source": []
                      }
                    ],
                    "image": "europe-central2-docker.pkg.dev/ultimate-life-396919/app/backend:25-03-09_21-35",
                    "liveness_probe": [],
                    "name": "",
                    "ports": [
                      {
                        "container_port": 8080,
                        "name": "http1"
                      }
                    ],
                    "resources": [
                      {
                        "cpu_idle": false,
                        "limits": {
                          "cpu": "1000m",
                          "memory": "1Gi"
                        },
                        "startup_cpu_boost": false
                      }
                    ],
                    "startup_probe": [
                      {
                        "failure_threshold": 1,
                        "grpc": [],
                        "http_get": [],
                        "initial_delay_seconds": 0,
                        "period_seconds": 240,
                        "tcp_socket": [
                          {
                            "port": 8080
                          }
                        ],
                        "timeout_seconds": 240
                      }
                    ],
                    "volume_mounts": [
                      {
                        "mount_path": "/cloudsql",
                        "name": "cloudsql"
                      }
                    ],
                    "working_dir": ""
                  }
                ],
                "encryption_key": "",
                "execution_environment": "",
                "labels": {},
                "max_instance_request_concurrency": 80,
                "revision": "",
                "scaling": [
                  {
                    "max_instance_count": 1,
                    "min_instance_count": 0
                  }
                ],
                "service_account": "1087863064045-compute@developer.gserviceaccount.com",
                "session_affinity": false,
                "timeout": "300s",
                "volumes": [
                  {
                    "cloud_sql_instance": [
                      {
                        "instances": [
                          "ultimate-life-396919:europe-west1:main"
                        ]
                      }
                    ],
                    "empty_dir": [],
                    "gcs": [],
                    "name": "cloudsql",
                    "nfs": [],
                    "secret": []
                  }
                ],
                "vpc_access": []
              }
            ],
            "terminal_condition": [
              {
                "execution_reason": "",
                "last_transition_time": "2025-03-09T20:36:33.515371Z",
                "message": "",
                "reason": "",
                "revision_reason": "",
                "severity": "",
                "state": "CONDITION_SUCCEEDED",
                "type": "Ready"
              }
            ],
            "terraform_labels": {
              "goog-terraform-provisioned": "true"
            },
            "timeouts": null,
            "traffic": [
              {
                "percent": 100,
                "revision": "",
                "tag": "",
                "type": "TRAFFIC_TARGET_ALLOCATION_TYPE_LATEST"
              }
            ],
            "traffic_statuses": [
              {
                "percent": 100,
                "revision": "",
                "tag": "",
                "type": "TRAFFIC_TARGET_ALLOCATION_TYPE_LATEST",
                "uri": ""
              }
            ],
            "uid": "0daaaa19-9e1d-4817-9ac9-2780d8fd1341",
            "update_time": "2025-03-09T20:36:06.987615Z",
            "uri": "https://app-backend-server-ghmop2a6ea-ew.a.run.app",
            "urls": [
              "https://app-backend-server-1087863064045.europe-west1.run.app",
              "https://app-backend-server-ghmop2a6ea-ew.a.run.app"
            ]
          },
          "sensitive_attributes": [
            [
              {
                "type": "get_attr",
                "value": "template"
              },
              {
                "type": "index",
                "value": {
                  "value": 0,
                  "type": "number"
                }
              },
              {
                "type": "get_attr",
                "value": "containers"
              },
              {
                "type": "index",
                "value": {
                  "value": 0,
                  "type": "number"
                }
              },
              {
                "type": "get_attr",
                "value": "env"
              }
            ]
          ],
          "private": "eyJlMmJmYjczMC1lY2FhLTExZTYtOGY4OC0zNDM2M2JjN2M0YzAiOnsiY3JlYXRlIjoxMjAwMDAwMDAwMDAwLCJkZWxldGUiOjEyMDAwMDAwMDAwMDAsInVwZGF0ZSI6MTIwMDAwMDAwMDAwMH19",
          "dependencies": [
            "google_artifact_registry_repository.repository-app",
            "google_pubsub_topic.email",
            "google_pubsub_topic.render",
            "google_secret_manager_secret.smtp-host-secret",
            "google_secret_manager_secret.smtp-pass-secret",
            "google_secret_manager_secret.smtp-port-secret",
            "google_secret_manager_secret.smtp-user-secret",
            "google_sql_database_instance.db-instance",
            "google_sql_user.db-user",
            "shell_script.build_backend"
          ]
        }
      ]
    },
    {
      "mode": "managed",
      "type": "google_cloud_run_v2_service",
      "name": "svc-frontend",
      "provider": "provider[\"registry.terraform.io/hashicorp/google\"]",
      "instances": [
        {
          "schema_version": 0,
          "attributes": {
            "annotations": null,
            "binary_authorization": [],
            "client": "",
            "client_version": "",
            "conditions": [
              {
                "execution_reason": "",
                "last_transition_time": "2025-03-09T20:39:55.947121Z",
                "message": "",
                "reason": "",
                "revision_reason": "",
                "severity": "",
                "state": "CONDITION_SUCCEEDED",
                "type": "RoutesReady"
              },
              {
                "execution_reason": "",
                "last_transition_time": "2025-03-09T20:39:54.730107Z",
                "message": "",
                "reason": "",
                "revision_reason": "",
                "severity": "",
                "state": "CONDITION_SUCCEEDED",
                "type": "ConfigurationsReady"
              }
            ],
            "create_time": "2025-02-22T20:31:28.141603Z",
            "creator": "laskowski.box@gmail.com",
            "custom_audiences": null,
            "delete_time": "",
            "deletion_protection": false,
            "description": "",
            "effective_annotations": {},
            "effective_labels": {
              "goog-terraform-provisioned": "true"
            },
            "etag": "\"CJb5t74GENiJv-cC/cHJvamVjdHMvdWx0aW1hdGUtbGlmZS0zOTY5MTkvbG9jYXRpb25zL2V1cm9wZS13ZXN0MS9zZXJ2aWNlcy9hcHAtZnJvbnRlbmQ\"",
            "expire_time": "",
            "generation": "34",
            "id": "projects/ultimate-life-396919/locations/europe-west1/services/app-frontend",
            "ingress": "INGRESS_TRAFFIC_ALL",
            "invoker_iam_disabled": false,
            "labels": null,
            "last_modifier": "laskowski.box@gmail.com",
            "latest_created_revision": "projects/ultimate-life-396919/locations/europe-west1/services/app-frontend/revisions/app-frontend-00034-g4g",
            "latest_ready_revision": "projects/ultimate-life-396919/locations/europe-west1/services/app-frontend/revisions/app-frontend-00034-g4g",
            "launch_stage": "GA",
            "location": "europe-west1",
            "name": "app-frontend",
            "observed_generation": "34",
            "project": "ultimate-life-396919",
            "reconciling": false,
            "scaling": [],
            "template": [
              {
                "annotations": {},
                "containers": [
                  {
                    "args": [],
                    "command": [],
                    "depends_on": [],
                    "env": [
                      {
                        "name": "DB_HOST",
                        "value": "35.195.184.33",
                        "value_source": []
                      },
                      {
                        "name": "DB_NAME",
                        "value": "prod",
                        "value_source": []
                      },
                      {
                        "name": "DB_PASS",
                        "value": "Tzh-RTPe-C9fkLmAHwxhb3hyU!e@u4",
                        "value_source": []
                      },
                      {
                        "name": "DB_USER",
                        "value": "app",
                        "value_source": []
                      },
                      {
                        "name": "QUEUE_BACKEND",
                        "value": "pubsub",
                        "value_source": []
                      },
                      {
                        "name": "VER",
                        "value": "v23",
                        "value_source": []
                      }
                    ],
                    "image": "europe-central2-docker.pkg.dev/ultimate-life-396919/app/frontend:25-03-09_21-36",
                    "liveness_probe": [],
                    "name": "",
                    "ports": [
                      {
                        "container_port": 8080,
                        "name": "http1"
                      }
                    ],
                    "resources": [
                      {
                        "cpu_idle": false,
                        "limits": {
                          "cpu": "1000m",
                          "memory": "1Gi"
                        },
                        "startup_cpu_boost": false
                      }
                    ],
                    "startup_probe": [
                      {
                        "failure_threshold": 1,
                        "grpc": [],
                        "http_get": [],
                        "initial_delay_seconds": 0,
                        "period_seconds": 240,
                        "tcp_socket": [
                          {
                            "port": 8080
                          }
                        ],
                        "timeout_seconds": 240
                      }
                    ],
                    "volume_mounts": [
                      {
                        "mount_path": "/cloudsql",
                        "name": "cloudsql"
                      }
                    ],
                    "working_dir": ""
                  }
                ],
                "encryption_key": "",
                "execution_environment": "",
                "labels": {},
                "max_instance_request_concurrency": 80,
                "revision": "",
                "scaling": [
                  {
                    "max_instance_count": 1,
                    "min_instance_count": 0
                  }
                ],
                "service_account": "1087863064045-compute@developer.gserviceaccount.com",
                "session_affinity": false,
                "timeout": "300s",
                "volumes": [
                  {
                    "cloud_sql_instance": [
                      {
                        "instances": [
                          "ultimate-life-396919:europe-west1:main"
                        ]
                      }
                    ],
                    "empty_dir": [],
                    "gcs": [],
                    "name": "cloudsql",
                    "nfs": [],
                    "secret": []
                  }
                ],
                "vpc_access": []
              }
            ],
            "terminal_condition": [
              {
                "execution_reason": "",
                "last_transition_time": "2025-03-09T20:39:55.975204Z",
                "message": "",
                "reason": "",
                "revision_reason": "",
                "severity": "",
                "state": "CONDITION_SUCCEEDED",
                "type": "Ready"
              }
            ],
            "terraform_labels": {
              "goog-terraform-provisioned": "true"
            },
            "timeouts": null,
            "traffic": [
              {
                "percent": 100,
                "revision": "",
                "tag": "",
                "type": "TRAFFIC_TARGET_ALLOCATION_TYPE_LATEST"
              }
            ],
            "traffic_statuses": [
              {
                "percent": 100,
                "revision": "",
                "tag": "",
                "type": "TRAFFIC_TARGET_ALLOCATION_TYPE_LATEST",
                "uri": ""
              }
            ],
            "uid": "a6fbfce0-39d2-428f-b0b5-d9ec149efa9e",
            "update_time": "2025-03-09T20:39:50.753911Z",
            "uri": "https://app-frontend-ghmop2a6ea-ew.a.run.app",
            "urls": [
              "https://app-frontend-1087863064045.europe-west1.run.app",
              "https://app-frontend-ghmop2a6ea-ew.a.run.app"
            ]
          },
          "sensitive_attributes": [
            [
              {
                "type": "get_attr",
                "value": "template"
              },
              {
                "type": "index",
                "value": {
                  "value": 0,
                  "type": "number"
                }
              },
              {
                "type": "get_attr",
                "value": "containers"
              },
              {
                "type": "index",
                "value": {
                  "value": 0,
                  "type": "number"
                }
              },
              {
                "type": "get_attr",
                "value": "env"
              }
            ]
          ],
          "private": "eyJlMmJmYjczMC1lY2FhLTExZTYtOGY4OC0zNDM2M2JjN2M0YzAiOnsiY3JlYXRlIjoxMjAwMDAwMDAwMDAwLCJkZWxldGUiOjEyMDAwMDAwMDAwMDAsInVwZGF0ZSI6MTIwMDAwMDAwMDAwMH19",
          "dependencies": [
            "google_artifact_registry_repository.repository-app",
            "google_cloud_run_v2_service.svc-backend-server",
            "google_pubsub_topic.email",
            "google_pubsub_topic.render",
            "google_secret_manager_secret.smtp-host-secret",
            "google_secret_manager_secret.smtp-pass-secret",
            "google_secret_manager_secret.smtp-port-secret",
            "google_secret_manager_secret.smtp-user-secret",
            "google_sql_database_instance.db-instance",
            "google_sql_user.db-user",
            "shell_script.build_backend",
            "shell_script.build_frontend"
          ]
        }
      ]
    },
    {
      "mode": "managed",
      "type": "google_cloudbuild_trigger",
      "name": "pipeline-backend",
      "provider": "provider[\"registry.terraform.io/hashicorp/google\"]",
      "instances": [
        {
          "schema_version": 2,
          "attributes": {
            "approval_config": [
              {
                "approval_required": false
              }
            ],
            "bitbucket_server_trigger_config": [],
            "build": [
              {
                "artifacts": [],
                "available_secrets": [],
                "images": [],
                "logs_bucket": "",
                "options": [],
                "queue_ttl": "",
                "secret": [],
                "source": [],
                "step": [
                  {
                    "allow_exit_codes": [],
                    "allow_failure": false,
                    "args": [],
                    "dir": "",
                    "entrypoint": "",
                    "env": [
                      "REPO=europe-central2-docker.pkg.dev/ultimate-life-396919/app/backend"
                    ],
                    "id": "",
                    "name": "gcr.io/cloud-builders/docker",
                    "script": "set -e;\necho 'docker build --platform linux/amd64 --progress plain -t image -f backend/Dockerfile  .';\necho \"docker build --platform linux/amd64 --progress plain -t image -f backend/Dockerfile  .\";\ndocker build --platform linux/amd64 --progress plain -t image -f backend/Dockerfile  .;\necho 'Building...';\nexport TAG=\"$(date +%y%m%d)-$(openssl rand -hex 16 | head -c 10)\";\necho $REPO:$TAG;\ndocker tag image $REPO:$TAG;\ndocker push $REPO:$TAG;\necho $REPO:$TAG \u003e image.txt",
                    "secret_env": [],
                    "timeout": "",
                    "timing": "",
                    "volumes": [],
                    "wait_for": []
                  },
                  {
                    "allow_exit_codes": [],
                    "allow_failure": false,
                    "args": [],
                    "dir": "",
                    "entrypoint": "",
                    "env": [],
                    "id": "",
                    "name": "gcr.io/google.com/cloudsdktool/cloud-sdk",
                    "script": "set -e;\nexport IMAGE=$(cat image.txt);\necho \"Deploying location $IMAGE\";\necho \"------------\";\necho \"IMAGE: $IMAGE\";\necho \"gcloud run deploy app-backend-server --image $IMAGE --region europe-west1\";\ngcloud run deploy app-backend-server --image $IMAGE --region europe-west1;\necho \"------------\";\necho \"------------\";\necho \"IMAGE: $IMAGE\";\necho \"gcloud run deploy app-backend-consume-mail --image $IMAGE --region europe-west1\";\ngcloud run deploy app-backend-consume-mail --image $IMAGE --region europe-west1;\necho \"------------\";\necho \"------------\";\necho \"IMAGE: $IMAGE\";\necho \"gcloud run deploy app-backend-consume-render --image $IMAGE --region europe-west1\";\ngcloud run deploy app-backend-consume-render --image $IMAGE --region europe-west1;\necho \"------------\"",
                    "secret_env": [],
                    "timeout": "",
                    "timing": "",
                    "volumes": [],
                    "wait_for": []
                  }
                ],
                "substitutions": {},
                "tags": [],
                "timeout": "600s"
              }
            ],
            "create_time": "2025-02-22T20:31:27.683444570Z",
            "description": "",
            "disabled": false,
            "filename": "",
            "filter": "",
            "git_file_source": [],
            "github": [],
            "id": "projects/ultimate-life-396919/locations/europe-west1/triggers/9c937896-4e34-40cd-b2c2-dedbb31a81c2",
            "ignored_files": null,
            "include_build_logs": "",
            "included_files": null,
            "location": "europe-west1",
            "name": "backend",
            "project": "ultimate-life-396919",
            "pubsub_config": [],
            "repository_event_config": [
              {
                "pull_request": [],
                "push": [
                  {
                    "branch": "main",
                    "invert_regex": false,
                    "tag": ""
                  }
                ],
                "repository": "projects/ultimate-life-396919/locations/europe-west1/connections/gh/repositories/mcloud"
              }
            ],
            "service_account": "",
            "source_to_build": [],
            "substitutions": null,
            "tags": null,
            "timeouts": null,
            "trigger_id": "9c937896-4e34-40cd-b2c2-dedbb31a81c2",
            "trigger_template": [],
            "webhook_config": []
          },
          "sensitive_attributes": [],
          "private": "eyJlMmJmYjczMC1lY2FhLTExZTYtOGY4OC0zNDM2M2JjN2M0YzAiOnsiY3JlYXRlIjoxMjAwMDAwMDAwMDAwLCJkZWxldGUiOjEyMDAwMDAwMDAwMDAsInVwZGF0ZSI6MTIwMDAwMDAwMDAwMH0sInNjaGVtYV92ZXJzaW9uIjoiMiJ9",
          "dependencies": [
            "google_artifact_registry_repository.repository-app",
            "google_cloud_run_v2_service.svc-backend-consume-mail",
            "google_cloud_run_v2_service.svc-backend-consume-render",
            "google_cloud_run_v2_service.svc-backend-server",
            "google_cloudbuildv2_repository.repo",
            "google_pubsub_topic.email",
            "google_pubsub_topic.render",
            "google_secret_manager_secret.smtp-host-secret",
            "google_secret_manager_secret.smtp-pass-secret",
            "google_secret_manager_secret.smtp-port-secret",
            "google_secret_manager_secret.smtp-user-secret",
            "google_sql_database_instance.db-instance",
            "google_sql_user.db-user",
            "google_storage_bucket.attachments",
            "shell_script.build_backend"
          ]
        }
      ]
    },
    {
      "mode": "managed",
      "type": "google_cloudbuild_trigger",
      "name": "pipeline-frontend",
      "provider": "provider[\"registry.terraform.io/hashicorp/google\"]",
      "instances": [
        {
          "schema_version": 2,
          "attributes": {
            "approval_config": [
              {
                "approval_required": false
              }
            ],
            "bitbucket_server_trigger_config": [],
            "build": [
              {
                "artifacts": [],
                "available_secrets": [],
                "images": [],
                "logs_bucket": "",
                "options": [],
                "queue_ttl": "",
                "secret": [],
                "source": [],
                "step": [
                  {
                    "allow_exit_codes": [],
                    "allow_failure": false,
                    "args": [],
                    "dir": "",
                    "entrypoint": "",
                    "env": [
                      "REPO=europe-central2-docker.pkg.dev/ultimate-life-396919/app/frontend",
                      "_ARG_BACKEND_PREFIX=https://app-backend-server-ghmop2a6ea-ew.a.run.app"
                    ],
                    "id": "",
                    "name": "gcr.io/cloud-builders/docker",
                    "script": "set -e;\necho 'docker build --platform linux/amd64 --progress plain -t image -f frontend/Dockerfile --build-arg \"BACKEND_PREFIX=$_ARG_BACKEND_PREFIX\" .';\necho \"docker build --platform linux/amd64 --progress plain -t image -f frontend/Dockerfile --build-arg \"BACKEND_PREFIX=$_ARG_BACKEND_PREFIX\" .\";\ndocker build --platform linux/amd64 --progress plain -t image -f frontend/Dockerfile --build-arg \"BACKEND_PREFIX=$_ARG_BACKEND_PREFIX\" .;\necho 'Building...';\nexport TAG=\"$(date +%y%m%d)-$(openssl rand -hex 16 | head -c 10)\";\necho $REPO:$TAG;\ndocker tag image $REPO:$TAG;\ndocker push $REPO:$TAG;\necho $REPO:$TAG \u003e image.txt",
                    "secret_env": [],
                    "timeout": "",
                    "timing": "",
                    "volumes": [],
                    "wait_for": []
                  },
                  {
                    "allow_exit_codes": [],
                    "allow_failure": false,
                    "args": [],
                    "dir": "",
                    "entrypoint": "",
                    "env": [],
                    "id": "",
                    "name": "gcr.io/google.com/cloudsdktool/cloud-sdk",
                    "script": "set -e;\nexport IMAGE=$(cat image.txt);\necho \"Deploying location $IMAGE\";\necho \"------------\";\necho \"IMAGE: $IMAGE\";\necho \"gcloud run deploy app-frontend --image $IMAGE --region europe-west1\";\ngcloud run deploy app-frontend --image $IMAGE --region europe-west1;\necho \"------------\"",
                    "secret_env": [],
                    "timeout": "",
                    "timing": "",
                    "volumes": [],
                    "wait_for": []
                  }
                ],
                "substitutions": {},
                "tags": [],
                "timeout": "600s"
              }
            ],
            "create_time": "2025-02-22T20:31:48.986984811Z",
            "description": "",
            "disabled": false,
            "filename": "",
            "filter": "",
            "git_file_source": [],
            "github": [],
            "id": "projects/ultimate-life-396919/locations/europe-west1/triggers/05fe151c-aa41-4208-bc12-f9bc1690125c",
            "ignored_files": null,
            "include_build_logs": "",
            "included_files": null,
            "location": "europe-west1",
            "name": "frontend",
            "project": "ultimate-life-396919",
            "pubsub_config": [],
            "repository_event_config": [
              {
                "pull_request": [],
                "push": [
                  {
                    "branch": "main",
                    "invert_regex": false,
                    "tag": ""
                  }
                ],
                "repository": "projects/ultimate-life-396919/locations/europe-west1/connections/gh/repositories/mcloud"
              }
            ],
            "service_account": "",
            "source_to_build": [],
            "substitutions": null,
            "tags": null,
            "timeouts": null,
            "trigger_id": "05fe151c-aa41-4208-bc12-f9bc1690125c",
            "trigger_template": [],
            "webhook_config": []
          },
          "sensitive_attributes": [],
          "private": "eyJlMmJmYjczMC1lY2FhLTExZTYtOGY4OC0zNDM2M2JjN2M0YzAiOnsiY3JlYXRlIjoxMjAwMDAwMDAwMDAwLCJkZWxldGUiOjEyMDAwMDAwMDAwMDAsInVwZGF0ZSI6MTIwMDAwMDAwMDAwMH0sInNjaGVtYV92ZXJzaW9uIjoiMiJ9",
          "dependencies": [
            "google_artifact_registry_repository.repository-app",
            "google_cloud_run_v2_service.svc-backend-server",
            "google_cloud_run_v2_service.svc-frontend",
            "google_cloudbuildv2_repository.repo",
            "google_pubsub_topic.email",
            "google_pubsub_topic.render",
            "google_secret_manager_secret.smtp-host-secret",
            "google_secret_manager_secret.smtp-pass-secret",
            "google_secret_manager_secret.smtp-port-secret",
            "google_secret_manager_secret.smtp-user-secret",
            "google_sql_database_instance.db-instance",
            "google_sql_user.db-user",
            "shell_script.build_backend",
            "shell_script.build_frontend"
          ]
        }
      ]
    },
    {
      "mode": "managed",
      "type": "google_cloudbuildv2_repository",
      "name": "repo",
      "provider": "provider[\"registry.terraform.io/hashicorp/google\"]",
      "instances": [
        {
          "schema_version": 0,
          "attributes": {
            "annotations": {},
            "create_time": "2024-12-22T10:47:45.931673121Z",
            "effective_annotations": {},
            "etag": "un5UYidW_fdl0nUrknI9VbnJOaHxS7ksuF9mpewY31Y",
            "id": "projects/ultimate-life-396919/locations/europe-west1/connections/gh/repositories/mcloud",
            "location": "europe-west1",
            "name": "mcloud",
            "parent_connection": "projects/ultimate-life-396919/locations/europe-west1/connections/gh",
            "project": "ultimate-life-396919",
            "remote_uri": "https://github.com/albean/multi-cloud.git",
            "timeouts": null,
            "update_time": "2024-12-22T10:47:46.895651391Z"
          },
          "sensitive_attributes": [],
          "private": "eyJlMmJmYjczMC1lY2FhLTExZTYtOGY4OC0zNDM2M2JjN2M0YzAiOnsiY3JlYXRlIjoxMjAwMDAwMDAwMDAwLCJkZWxldGUiOjEyMDAwMDAwMDAwMDB9fQ=="
        }
      ]
    },
    {
      "mode": "managed",
      "type": "google_project_iam_member",
      "name": "binding-registry",
      "provider": "provider[\"registry.terraform.io/hashicorp/google\"]",
      "instances": [
        {
          "schema_version": 0,
          "attributes": {
            "condition": [],
            "etag": "BwYrY6gfLbI=",
            "id": "ultimate-life-396919/roles/artifactregistry.writer/serviceAccount:1087863064045-compute@developer.gserviceaccount.com",
            "member": "serviceAccount:1087863064045-compute@developer.gserviceaccount.com",
            "project": "ultimate-life-396919",
            "role": "roles/artifactregistry.writer"
          },
          "sensitive_attributes": [],
          "private": "bnVsbA=="
        }
      ]
    },
    {
      "mode": "managed",
      "type": "google_project_iam_member",
      "name": "binding-run",
      "provider": "provider[\"registry.terraform.io/hashicorp/google\"]",
      "instances": [
        {
          "schema_version": 0,
          "attributes": {
            "condition": [],
            "etag": "BwYrY6gfLbI=",
            "id": "ultimate-life-396919/roles/run.developer/serviceAccount:1087863064045@cloudbuild.gserviceaccount.com",
            "member": "serviceAccount:1087863064045@cloudbuild.gserviceaccount.com",
            "project": "ultimate-life-396919",
            "role": "roles/run.developer"
          },
          "sensitive_attributes": [],
          "private": "bnVsbA=="
        }
      ]
    },
    {
      "mode": "managed",
      "type": "google_project_iam_member",
      "name": "binding-storage",
      "provider": "provider[\"registry.terraform.io/hashicorp/google\"]",
      "instances": [
        {
          "schema_version": 0,
          "attributes": {
            "condition": [],
            "etag": "BwYrY6gfLbI=",
            "id": "ultimate-life-396919/roles/storage.admin/serviceAccount:1087863064045-compute@developer.gserviceaccount.com",
            "member": "serviceAccount:1087863064045-compute@developer.gserviceaccount.com",
            "project": "ultimate-life-396919",
            "role": "roles/storage.admin"
          },
          "sensitive_attributes": [],
          "private": "bnVsbA=="
        }
      ]
    },
    {
      "mode": "managed",
      "type": "google_project_iam_member",
      "name": "pubsub-member",
      "provider": "provider[\"registry.terraform.io/hashicorp/google\"]",
      "instances": [
        {
          "schema_version": 0,
          "attributes": {
            "condition": [],
            "etag": "BwYrY6gfLbI=",
            "id": "ultimate-life-396919/roles/run.invoker/serviceAccount:cloud-run-pubsub-invoker@ultimate-life-396919.iam.gserviceaccount.com",
            "member": "serviceAccount:cloud-run-pubsub-invoker@ultimate-life-396919.iam.gserviceaccount.com",
            "project": "ultimate-life-396919",
            "role": "roles/run.invoker"
          },
          "sensitive_attributes": [],
          "private": "bnVsbA==",
          "dependencies": [
            "google_service_account.pubsub-service-account"
          ]
        }
      ]
    },
    {
      "mode": "managed",
      "type": "google_pubsub_subscription",
      "name": "svc-backend-consume-mail-subscption",
      "provider": "provider[\"registry.terraform.io/hashicorp/google\"]",
      "instances": [
        {
          "schema_version": 0,
          "attributes": {
            "ack_deadline_seconds": 600,
            "bigquery_config": [],
            "cloud_storage_config": [],
            "dead_letter_policy": [],
            "effective_labels": {
              "goog-terraform-provisioned": "true"
            },
            "enable_exactly_once_delivery": false,
            "enable_message_ordering": false,
            "expiration_policy": [
              {
                "ttl": "2678400s"
              }
            ],
            "filter": "",
            "id": "projects/ultimate-life-396919/subscriptions/svc-backend-consume-mail-subscption",
            "labels": null,
            "message_retention_duration": "604800s",
            "name": "svc-backend-consume-mail-subscption",
            "project": "ultimate-life-396919",
            "push_config": [
              {
                "attributes": null,
                "no_wrapper": [],
                "oidc_token": [
                  {
                    "audience": "",
                    "service_account_email": "cloud-run-pubsub-invoker@ultimate-life-396919.iam.gserviceaccount.com"
                  }
                ],
                "push_endpoint": "https://app-backend-consume-mail-ghmop2a6ea-ew.a.run.app"
              }
            ],
            "retain_acked_messages": false,
            "retry_policy": [],
            "terraform_labels": {
              "goog-terraform-provisioned": "true"
            },
            "timeouts": null,
            "topic": "projects/ultimate-life-396919/topics/dev-email-topic"
          },
          "sensitive_attributes": [],
          "private": "eyJlMmJmYjczMC1lY2FhLTExZTYtOGY4OC0zNDM2M2JjN2M0YzAiOnsiY3JlYXRlIjoxMjAwMDAwMDAwMDAwLCJkZWxldGUiOjEyMDAwMDAwMDAwMDAsInVwZGF0ZSI6MTIwMDAwMDAwMDAwMH19",
          "dependencies": [
            "google_artifact_registry_repository.repository-app",
            "google_cloud_run_v2_service.svc-backend-consume-mail",
            "google_pubsub_topic.email",
            "google_pubsub_topic.render",
            "google_secret_manager_secret.smtp-host-secret",
            "google_secret_manager_secret.smtp-pass-secret",
            "google_secret_manager_secret.smtp-port-secret",
            "google_secret_manager_secret.smtp-user-secret",
            "google_service_account.pubsub-service-account",
            "google_sql_database_instance.db-instance",
            "google_sql_user.db-user",
            "google_storage_bucket.attachments",
            "shell_script.build_backend"
          ]
        }
      ]
    },
    {
      "mode": "managed",
      "type": "google_pubsub_subscription",
      "name": "svc-backend-consume-render-subscption",
      "provider": "provider[\"registry.terraform.io/hashicorp/google\"]",
      "instances": [
        {
          "schema_version": 0,
          "attributes": {
            "ack_deadline_seconds": 600,
            "bigquery_config": [],
            "cloud_storage_config": [],
            "dead_letter_policy": [],
            "effective_labels": {
              "goog-terraform-provisioned": "true"
            },
            "enable_exactly_once_delivery": false,
            "enable_message_ordering": false,
            "expiration_policy": [
              {
                "ttl": "2678400s"
              }
            ],
            "filter": "",
            "id": "projects/ultimate-life-396919/subscriptions/svc-backend-consume-render-subscption",
            "labels": null,
            "message_retention_duration": "604800s",
            "name": "svc-backend-consume-render-subscption",
            "project": "ultimate-life-396919",
            "push_config": [
              {
                "attributes": null,
                "no_wrapper": [],
                "oidc_token": [
                  {
                    "audience": "",
                    "service_account_email": "cloud-run-pubsub-invoker@ultimate-life-396919.iam.gserviceaccount.com"
                  }
                ],
                "push_endpoint": "https://app-backend-consume-render-ghmop2a6ea-ew.a.run.app"
              }
            ],
            "retain_acked_messages": false,
            "retry_policy": [],
            "terraform_labels": {
              "goog-terraform-provisioned": "true"
            },
            "timeouts": null,
            "topic": "projects/ultimate-life-396919/topics/dev-render-topic"
          },
          "sensitive_attributes": [],
          "private": "eyJlMmJmYjczMC1lY2FhLTExZTYtOGY4OC0zNDM2M2JjN2M0YzAiOnsiY3JlYXRlIjoxMjAwMDAwMDAwMDAwLCJkZWxldGUiOjEyMDAwMDAwMDAwMDAsInVwZGF0ZSI6MTIwMDAwMDAwMDAwMH19",
          "dependencies": [
            "google_artifact_registry_repository.repository-app",
            "google_cloud_run_v2_service.svc-backend-consume-render",
            "google_pubsub_topic.email",
            "google_pubsub_topic.render",
            "google_secret_manager_secret.smtp-host-secret",
            "google_secret_manager_secret.smtp-pass-secret",
            "google_secret_manager_secret.smtp-port-secret",
            "google_secret_manager_secret.smtp-user-secret",
            "google_service_account.pubsub-service-account",
            "google_sql_database_instance.db-instance",
            "google_sql_user.db-user",
            "google_storage_bucket.attachments",
            "shell_script.build_backend"
          ]
        }
      ]
    },
    {
      "mode": "managed",
      "type": "google_pubsub_topic",
      "name": "email",
      "provider": "provider[\"registry.terraform.io/hashicorp/google\"]",
      "instances": [
        {
          "schema_version": 0,
          "attributes": {
            "effective_labels": {
              "goog-terraform-provisioned": "true"
            },
            "id": "projects/ultimate-life-396919/topics/dev-email-topic",
            "ingestion_data_source_settings": [],
            "kms_key_name": "",
            "labels": null,
            "message_retention_duration": "",
            "message_storage_policy": [],
            "name": "dev-email-topic",
            "project": "ultimate-life-396919",
            "schema_settings": [],
            "terraform_labels": {
              "goog-terraform-provisioned": "true"
            },
            "timeouts": null
          },
          "sensitive_attributes": [],
          "private": "eyJlMmJmYjczMC1lY2FhLTExZTYtOGY4OC0zNDM2M2JjN2M0YzAiOnsiY3JlYXRlIjoxMjAwMDAwMDAwMDAwLCJkZWxldGUiOjEyMDAwMDAwMDAwMDAsInVwZGF0ZSI6MTIwMDAwMDAwMDAwMH19"
        }
      ]
    },
    {
      "mode": "managed",
      "type": "google_pubsub_topic",
      "name": "render",
      "provider": "provider[\"registry.terraform.io/hashicorp/google\"]",
      "instances": [
        {
          "schema_version": 0,
          "attributes": {
            "effective_labels": {
              "goog-terraform-provisioned": "true"
            },
            "id": "projects/ultimate-life-396919/topics/dev-render-topic",
            "ingestion_data_source_settings": [],
            "kms_key_name": "",
            "labels": null,
            "message_retention_duration": "",
            "message_storage_policy": [],
            "name": "dev-render-topic",
            "project": "ultimate-life-396919",
            "schema_settings": [],
            "terraform_labels": {
              "goog-terraform-provisioned": "true"
            },
            "timeouts": null
          },
          "sensitive_attributes": [],
          "private": "eyJlMmJmYjczMC1lY2FhLTExZTYtOGY4OC0zNDM2M2JjN2M0YzAiOnsiY3JlYXRlIjoxMjAwMDAwMDAwMDAwLCJkZWxldGUiOjEyMDAwMDAwMDAwMDAsInVwZGF0ZSI6MTIwMDAwMDAwMDAwMH19"
        }
      ]
    },
    {
      "mode": "managed",
      "type": "google_secret_manager_secret",
      "name": "smtp-host-secret",
      "provider": "provider[\"registry.terraform.io/hashicorp/google\"]",
      "instances": [
        {
          "schema_version": 0,
          "attributes": {
            "annotations": {},
            "create_time": "2025-01-10T23:58:18.120381Z",
            "effective_annotations": {},
            "effective_labels": {
              "goog-terraform-provisioned": "true"
            },
            "expire_time": "",
            "id": "projects/ultimate-life-396919/secrets/smtp-host",
            "labels": {},
            "name": "projects/1087863064045/secrets/smtp-host",
            "project": "ultimate-life-396919",
            "replication": [
              {
                "auto": [
                  {
                    "customer_managed_encryption": []
                  }
                ],
                "user_managed": []
              }
            ],
            "rotation": [],
            "secret_id": "smtp-host",
            "terraform_labels": {
              "goog-terraform-provisioned": "true"
            },
            "timeouts": null,
            "topics": [],
            "ttl": null,
            "version_aliases": {},
            "version_destroy_ttl": ""
          },
          "sensitive_attributes": [],
          "private": "eyJlMmJmYjczMC1lY2FhLTExZTYtOGY4OC0zNDM2M2JjN2M0YzAiOnsiY3JlYXRlIjoxMjAwMDAwMDAwMDAwLCJkZWxldGUiOjEyMDAwMDAwMDAwMDAsInVwZGF0ZSI6MTIwMDAwMDAwMDAwMH19"
        }
      ]
    },
    {
      "mode": "managed",
      "type": "google_secret_manager_secret",
      "name": "smtp-pass-secret",
      "provider": "provider[\"registry.terraform.io/hashicorp/google\"]",
      "instances": [
        {
          "schema_version": 0,
          "attributes": {
            "annotations": {},
            "create_time": "2025-01-11T01:07:12.231240Z",
            "effective_annotations": {},
            "effective_labels": {
              "goog-terraform-provisioned": "true"
            },
            "expire_time": "",
            "id": "projects/ultimate-life-396919/secrets/smtp-pass",
            "labels": {},
            "name": "projects/1087863064045/secrets/smtp-pass",
            "project": "ultimate-life-396919",
            "replication": [
              {
                "auto": [
                  {
                    "customer_managed_encryption": []
                  }
                ],
                "user_managed": []
              }
            ],
            "rotation": [],
            "secret_id": "smtp-pass",
            "terraform_labels": {
              "goog-terraform-provisioned": "true"
            },
            "timeouts": null,
            "topics": [],
            "ttl": null,
            "version_aliases": {},
            "version_destroy_ttl": ""
          },
          "sensitive_attributes": [],
          "private": "eyJlMmJmYjczMC1lY2FhLTExZTYtOGY4OC0zNDM2M2JjN2M0YzAiOnsiY3JlYXRlIjoxMjAwMDAwMDAwMDAwLCJkZWxldGUiOjEyMDAwMDAwMDAwMDAsInVwZGF0ZSI6MTIwMDAwMDAwMDAwMH19"
        }
      ]
    },
    {
      "mode": "managed",
      "type": "google_secret_manager_secret",
      "name": "smtp-port-secret",
      "provider": "provider[\"registry.terraform.io/hashicorp/google\"]",
      "instances": [
        {
          "schema_version": 0,
          "attributes": {
            "annotations": {},
            "create_time": "2025-01-11T01:07:11.590832Z",
            "effective_annotations": {},
            "effective_labels": {
              "goog-terraform-provisioned": "true"
            },
            "expire_time": "",
            "id": "projects/ultimate-life-396919/secrets/smtp-port",
            "labels": {},
            "name": "projects/1087863064045/secrets/smtp-port",
            "project": "ultimate-life-396919",
            "replication": [
              {
                "auto": [
                  {
                    "customer_managed_encryption": []
                  }
                ],
                "user_managed": []
              }
            ],
            "rotation": [],
            "secret_id": "smtp-port",
            "terraform_labels": {
              "goog-terraform-provisioned": "true"
            },
            "timeouts": null,
            "topics": [],
            "ttl": null,
            "version_aliases": {},
            "version_destroy_ttl": ""
          },
          "sensitive_attributes": [],
          "private": "eyJlMmJmYjczMC1lY2FhLTExZTYtOGY4OC0zNDM2M2JjN2M0YzAiOnsiY3JlYXRlIjoxMjAwMDAwMDAwMDAwLCJkZWxldGUiOjEyMDAwMDAwMDAwMDAsInVwZGF0ZSI6MTIwMDAwMDAwMDAwMH19"
        }
      ]
    },
    {
      "mode": "managed",
      "type": "google_secret_manager_secret",
      "name": "smtp-user-secret",
      "provider": "provider[\"registry.terraform.io/hashicorp/google\"]",
      "instances": [
        {
          "schema_version": 0,
          "attributes": {
            "annotations": {},
            "create_time": "2025-01-11T01:07:12.388370Z",
            "effective_annotations": {},
            "effective_labels": {
              "goog-terraform-provisioned": "true"
            },
            "expire_time": "",
            "id": "projects/ultimate-life-396919/secrets/smtp-user",
            "labels": {},
            "name": "projects/1087863064045/secrets/smtp-user",
            "project": "ultimate-life-396919",
            "replication": [
              {
                "auto": [
                  {
                    "customer_managed_encryption": []
                  }
                ],
                "user_managed": []
              }
            ],
            "rotation": [],
            "secret_id": "smtp-user",
            "terraform_labels": {
              "goog-terraform-provisioned": "true"
            },
            "timeouts": null,
            "topics": [],
            "ttl": null,
            "version_aliases": {},
            "version_destroy_ttl": ""
          },
          "sensitive_attributes": [],
          "private": "eyJlMmJmYjczMC1lY2FhLTExZTYtOGY4OC0zNDM2M2JjN2M0YzAiOnsiY3JlYXRlIjoxMjAwMDAwMDAwMDAwLCJkZWxldGUiOjEyMDAwMDAwMDAwMDAsInVwZGF0ZSI6MTIwMDAwMDAwMDAwMH19"
        }
      ]
    },
    {
      "mode": "managed",
      "type": "google_service_account",
      "name": "pubsub-service-account",
      "provider": "provider[\"registry.terraform.io/hashicorp/google\"]",
      "instances": [
        {
          "schema_version": 0,
          "attributes": {
            "account_id": "cloud-run-pubsub-invoker",
            "create_ignore_already_exists": null,
            "description": "",
            "disabled": false,
            "display_name": "Cloud Run Pub/Sub Invoker",
            "email": "cloud-run-pubsub-invoker@ultimate-life-396919.iam.gserviceaccount.com",
            "id": "projects/ultimate-life-396919/serviceAccounts/cloud-run-pubsub-invoker@ultimate-life-396919.iam.gserviceaccount.com",
            "member": "serviceAccount:cloud-run-pubsub-invoker@ultimate-life-396919.iam.gserviceaccount.com",
            "name": "projects/ultimate-life-396919/serviceAccounts/cloud-run-pubsub-invoker@ultimate-life-396919.iam.gserviceaccount.com",
            "project": "ultimate-life-396919",
            "timeouts": null,
            "unique_id": "102549282651371329385"
          },
          "sensitive_attributes": [],
          "private": "eyJlMmJmYjczMC1lY2FhLTExZTYtOGY4OC0zNDM2M2JjN2M0YzAiOnsiY3JlYXRlIjozMDAwMDAwMDAwMDB9fQ=="
        }
      ]
    },
    {
      "mode": "managed",
      "type": "google_service_account_iam_binding",
      "name": "iam-biding",
      "provider": "provider[\"registry.terraform.io/hashicorp/google\"]",
      "instances": [
        {
          "schema_version": 0,
          "attributes": {
            "condition": [],
            "etag": "BwYp2xJP3ps=",
            "id": "projects/ultimate-life-396919/serviceAccounts/1087863064045-compute@developer.gserviceaccount.com/roles/iam.serviceAccountUser",
            "members": [
              "serviceAccount:1087863064045-compute@developer.gserviceaccount.com"
            ],
            "role": "roles/iam.serviceAccountUser",
            "service_account_id": "projects/ultimate-life-396919/serviceAccounts/1087863064045-compute@developer.gserviceaccount.com"
          },
          "sensitive_attributes": [],
          "private": "bnVsbA=="
        }
      ]
    },
    {
      "mode": "managed",
      "type": "google_sql_database",
      "name": "db",
      "provider": "provider[\"registry.terraform.io/hashicorp/google\"]",
      "instances": [
        {
          "schema_version": 0,
          "attributes": {
            "charset": "UTF8",
            "collation": "en_US.UTF8",
            "deletion_policy": "DELETE",
            "id": "projects/ultimate-life-396919/instances/main/databases/prod",
            "instance": "main",
            "name": "prod",
            "project": "ultimate-life-396919",
            "self_link": "https://sqladmin.googleapis.com/sql/v1beta4/projects/ultimate-life-396919/instances/main/databases/prod",
            "timeouts": null
          },
          "sensitive_attributes": [],
          "private": "eyJlMmJmYjczMC1lY2FhLTExZTYtOGY4OC0zNDM2M2JjN2M0YzAiOnsiY3JlYXRlIjoxMjAwMDAwMDAwMDAwLCJkZWxldGUiOjEyMDAwMDAwMDAwMDAsInVwZGF0ZSI6MTIwMDAwMDAwMDAwMH19",
          "dependencies": [
            "google_sql_database_instance.db-instance"
          ]
        }
      ]
    },
    {
      "mode": "managed",
      "type": "google_sql_database_instance",
      "name": "db-instance",
      "provider": "provider[\"registry.terraform.io/hashicorp/google\"]",
      "instances": [
        {
          "schema_version": 0,
          "attributes": {
            "available_maintenance_versions": [],
            "clone": [],
            "connection_name": "ultimate-life-396919:europe-west1:main",
            "database_version": "POSTGRES_15",
            "deletion_protection": true,
            "dns_name": "",
            "encryption_key_name": null,
            "first_ip_address": "35.195.184.33",
            "id": "main",
            "instance_type": "CLOUD_SQL_INSTANCE",
            "ip_address": [
              {
                "ip_address": "35.195.184.33",
                "time_to_retire": "",
                "type": "PRIMARY"
              },
              {
                "ip_address": "34.77.165.173",
                "time_to_retire": "",
                "type": "OUTGOING"
              }
            ],
            "maintenance_version": "POSTGRES_15_10.R20250112.01_03",
            "master_instance_name": "",
            "name": "main",
            "private_ip_address": "",
            "project": "ultimate-life-396919",
            "psc_service_attachment_link": "",
            "public_ip_address": "35.195.184.33",
            "region": "europe-west1",
            "replica_configuration": [],
            "replica_names": [],
            "restore_backup_context": [],
            "root_password": null,
            "self_link": "https://sqladmin.googleapis.com/sql/v1beta4/projects/ultimate-life-396919/instances/main",
            "server_ca_cert": [
              {
                "cert": "-----BEGIN CERTIFICATE-----\nMIIDfzCCAmegAwIBAgIBADANBgkqhkiG9w0BAQsFADB3MS0wKwYDVQQuEyRlNmZh\nMzRmYS1iZWY2LTQyMjYtOWZkYy1jZTU2NDdlNzY5ZjkxIzAhBgNVBAMTGkdvb2ds\nZSBDbG91ZCBTUUwgU2VydmVyIENBMRQwEgYDVQQKEwtHb29nbGUsIEluYzELMAkG\nA1UEBhMCVVMwHhcNMjQxMjI4MjMwMTUyWhcNMzQxMjI2MjMwMjUyWjB3MS0wKwYD\nVQQuEyRlNmZhMzRmYS1iZWY2LTQyMjYtOWZkYy1jZTU2NDdlNzY5ZjkxIzAhBgNV\nBAMTGkdvb2dsZSBDbG91ZCBTUUwgU2VydmVyIENBMRQwEgYDVQQKEwtHb29nbGUs\nIEluYzELMAkGA1UEBhMCVVMwggEiMA0GCSqGSIb3DQEBAQUAA4IBDwAwggEKAoIB\nAQCE8wB2v/tjapsYPMv1IwUwi5JoW0Qyth3ItELy9lVkg3Zt2W+kwi9zna6sLpP/\njHdowciEupR3CGeZcZPCU4rl3yemR8r8EvdqnLHfW5YmTSjG0eCmqEQCyT/Y4Sbc\nZnqzCurel/aRhHGTpy3JKviCzd38xJhKZSRHjW6bKBFbnv/YQrry2JnWDyM2+uYK\nOZbDq3sXsuPoHRRNOT3FOWYrz4YydhQEB2l2+VV2xlxW0MlXVTFXFFzyVKMicDeU\n5Qt/81VRyibMtt+wBYl6IT5Qt8mTXuCZkI0+rymFz2DW+RqKFHPoXElo/QQ5wYhB\n7bF05BMS9207Q/cm663xl5p1AgMBAAGjFjAUMBIGA1UdEwEB/wQIMAYBAf8CAQAw\nDQYJKoZIhvcNAQELBQADggEBACpQgmG1BafctPMWRFU5PXDA2FsuPSY6MT0q/zwW\nir5J3YHSMbyN4i0ufcvSpJWEBa9zP47YQ1ukQN8eHtOsQeWiC1iRm0f7B9zVSVnU\nvpTX//gggQX3ixRp2YE7P6nXELu1BLTWin29M6Xspu3HXPRRadf0e/L1fNihi/4S\ngaXALajayHTIdTgJwIogelOCgntP7gfa4mEqo3NMMbQQ8X+4iWe7Vss6H3VUGW0U\nXlhyLL37lLsGFxBw6nQpEi44qzzb49V96w/fbyVLRTp9VlZ+bHtfDH+4TUoWs4A7\nfBcKZc2vLHr/pTAz0xQ5stqcwwNQtI9bAO5PlX7gMuumsus=\n-----END CERTIFICATE-----",
                "common_name": "C=US,O=Google\\, Inc,CN=Google Cloud SQL Server CA,dnQualifier=e6fa34fa-bef6-4226-9fdc-ce5647e769f9",
                "create_time": "2024-12-28T23:01:52.802Z",
                "expiration_time": "2034-12-26T23:02:52.802Z",
                "sha1_fingerprint": "ccb5b6977be1a5f7b2ad0070d0090dc73ab5f9cc"
              }
            ],
            "service_account_email_address": "p1087863064045-rln6a8@gcp-sa-cloud-sql.iam.gserviceaccount.com",
            "settings": [
              {
                "activation_policy": "ALWAYS",
                "active_directory_config": [],
                "advanced_machine_features": [],
                "availability_type": "ZONAL",
                "backup_configuration": [
                  {
                    "backup_retention_settings": [
                      {
                        "retained_backups": 7,
                        "retention_unit": "COUNT"
                      }
                    ],
                    "binary_log_enabled": false,
                    "enabled": false,
                    "location": "",
                    "point_in_time_recovery_enabled": false,
                    "start_time": "17:00",
                    "transaction_log_retention_days": 7
                  }
                ],
                "collation": "",
                "connector_enforcement": "NOT_REQUIRED",
                "data_cache_config": [
                  {
                    "data_cache_enabled": false
                  }
                ],
                "database_flags": [],
                "deletion_protection_enabled": false,
                "deny_maintenance_period": [],
                "disk_autoresize": true,
                "disk_autoresize_limit": 0,
                "disk_size": 10,
                "disk_type": "PD_SSD",
                "edition": "ENTERPRISE",
                "enable_dataplex_integration": false,
                "enable_google_ml_integration": false,
                "insights_config": [],
                "ip_configuration": [
                  {
                    "allocated_ip_range": "",
                    "authorized_networks": [
                      {
                        "expiration_time": "",
                        "name": "unsafe-all-tf",
                        "value": "0.0.0.0/0"
                      }
                    ],
                    "enable_private_path_for_google_cloud_services": false,
                    "ipv4_enabled": true,
                    "private_network": "",
                    "psc_config": [],
                    "server_ca_mode": "GOOGLE_MANAGED_INTERNAL_CA",
                    "ssl_mode": "ALLOW_UNENCRYPTED_AND_ENCRYPTED"
                  }
                ],
                "location_preference": [
                  {
                    "follow_gae_application": "",
                    "secondary_zone": "",
                    "zone": "europe-west1-d"
                  }
                ],
                "maintenance_window": [],
                "password_validation_policy": [],
                "pricing_plan": "PER_USE",
                "sql_server_audit_config": [],
                "tier": "db-f1-micro",
                "time_zone": "",
                "user_labels": {},
                "version": 28
              }
            ],
            "timeouts": null
          },
          "sensitive_attributes": [],
          "private": "eyJlMmJmYjczMC1lY2FhLTExZTYtOGY4OC0zNDM2M2JjN2M0YzAiOnsiY3JlYXRlIjo1NDAwMDAwMDAwMDAwLCJkZWxldGUiOjU0MDAwMDAwMDAwMDAsInVwZGF0ZSI6NTQwMDAwMDAwMDAwMH19"
        }
      ]
    },
    {
      "mode": "managed",
      "type": "google_sql_user",
      "name": "db-user",
      "provider": "provider[\"registry.terraform.io/hashicorp/google\"]",
      "instances": [
        {
          "schema_version": 1,
          "attributes": {
            "deletion_policy": null,
            "host": "",
            "id": "app//main",
            "instance": "main",
            "name": "app",
            "password": "Tzh-RTPe-C9fkLmAHwxhb3hyU!e@u4",
            "password_policy": [],
            "project": "ultimate-life-396919",
            "sql_server_user_details": [],
            "timeouts": null,
            "type": ""
          },
          "sensitive_attributes": [],
          "private": "eyJlMmJmYjczMC1lY2FhLTExZTYtOGY4OC0zNDM2M2JjN2M0YzAiOnsiY3JlYXRlIjo2MDAwMDAwMDAwMDAsImRlbGV0ZSI6NjAwMDAwMDAwMDAwLCJ1cGRhdGUiOjYwMDAwMDAwMDAwMH0sInNjaGVtYV92ZXJzaW9uIjoiMSJ9",
          "dependencies": [
            "google_sql_database_instance.db-instance"
          ]
        }
      ]
    },
    {
      "mode": "managed",
      "type": "google_storage_bucket",
      "name": "attachments",
      "provider": "provider[\"registry.terraform.io/hashicorp/google\"]",
      "instances": [
        {
          "schema_version": 3,
          "attributes": {
            "autoclass": [],
            "cors": [],
            "custom_placement_config": [],
            "default_event_based_hold": false,
            "effective_labels": {
              "goog-terraform-provisioned": "true"
            },
            "enable_object_retention": false,
            "encryption": [],
            "force_destroy": false,
            "hierarchical_namespace": [
              {
                "enabled": false
              }
            ],
            "id": "multi-cloud-attachments-n2lj3",
            "labels": null,
            "lifecycle_rule": [],
            "location": "EUROPE-WEST1",
            "logging": [],
            "name": "multi-cloud-attachments-n2lj3",
            "project": "ultimate-life-396919",
            "project_number": 1087863064045,
            "public_access_prevention": "inherited",
            "requester_pays": false,
            "retention_policy": [],
            "rpo": null,
            "self_link": "https://www.googleapis.com/storage/v1/b/multi-cloud-attachments-n2lj3",
            "soft_delete_policy": [
              {
                "effective_time": "2025-02-24T02:13:57.259Z",
                "retention_duration_seconds": 604800
              }
            ],
            "storage_class": "STANDARD",
            "terraform_labels": {
              "goog-terraform-provisioned": "true"
            },
            "timeouts": null,
            "uniform_bucket_level_access": false,
            "url": "gs://multi-cloud-attachments-n2lj3",
            "versioning": [],
            "website": []
          },
          "sensitive_attributes": [],
          "private": "eyJlMmJmYjczMC1lY2FhLTExZTYtOGY4OC0zNDM2M2JjN2M0YzAiOnsiY3JlYXRlIjo2MDAwMDAwMDAwMDAsInJlYWQiOjI0MDAwMDAwMDAwMCwidXBkYXRlIjoyNDAwMDAwMDAwMDB9LCJzY2hlbWFfdmVyc2lvbiI6IjMifQ=="
        }
      ]
    }
  ],
  "check_results": null
}
